// !$*UTF8*$!
{
	archiveVersion = 1;
	classes = {
	};
	objectVersion = 56;
	objects = {

/* Begin PBXBuildFile section */
		3B47BC712AD3A37E00B98BCB /* AppDelegate.swift in Sources */ = {isa = PBXBuildFile; fileRef = 3B47BC702AD3A37E00B98BCB /* AppDelegate.swift */; };
		3B47BC732AD3A37E00B98BCB /* SceneDelegate.swift in Sources */ = {isa = PBXBuildFile; fileRef = 3B47BC722AD3A37E00B98BCB /* SceneDelegate.swift */; };
		3B47BC752AD3A37E00B98BCB /* ViewController.swift in Sources */ = {isa = PBXBuildFile; fileRef = 3B47BC742AD3A37E00B98BCB /* ViewController.swift */; };
		3B47BC782AD3A37E00B98BCB /* Main.storyboard in Resources */ = {isa = PBXBuildFile; fileRef = 3B47BC762AD3A37E00B98BCB /* Main.storyboard */; };
		3B47BC7A2AD3A37F00B98BCB /* Assets.xcassets in Resources */ = {isa = PBXBuildFile; fileRef = 3B47BC792AD3A37F00B98BCB /* Assets.xcassets */; };
		3B47BC7D2AD3A37F00B98BCB /* LaunchScreen.storyboard in Resources */ = {isa = PBXBuildFile; fileRef = 3B47BC7B2AD3A37F00B98BCB /* LaunchScreen.storyboard */; };
		3B47BC852AD3A3BD00B98BCB /* Coordinator.swift in Sources */ = {isa = PBXBuildFile; fileRef = 3B47BC842AD3A3BD00B98BCB /* Coordinator.swift */; };
		3B47BC872AD3A3DF00B98BCB /* AppCoordinator.swift in Sources */ = {isa = PBXBuildFile; fileRef = 3B47BC862AD3A3DF00B98BCB /* AppCoordinator.swift */; };
		3B47BC892AD3A54100B98BCB /* ViewCoordinator.swift in Sources */ = {isa = PBXBuildFile; fileRef = 3B47BC882AD3A54100B98BCB /* ViewCoordinator.swift */; };
		3B47BC8D2AD3E0CD00B98BCB /* MainCoordinator.swift in Sources */ = {isa = PBXBuildFile; fileRef = 3B47BC8C2AD3E0CD00B98BCB /* MainCoordinator.swift */; };
		3B47BC8F2AD3E12F00B98BCB /* MainController.swift in Sources */ = {isa = PBXBuildFile; fileRef = 3B47BC8E2AD3E12F00B98BCB /* MainController.swift */; };
/* End PBXBuildFile section */

/* Begin PBXFileReference section */
		3B47BC6D2AD3A37D00B98BCB /* CoordinatorTest.app */ = {isa = PBXFileReference; explicitFileType = wrapper.application; includeInIndex = 0; path = CoordinatorTest.app; sourceTree = BUILT_PRODUCTS_DIR; };
		3B47BC702AD3A37E00B98BCB /* AppDelegate.swift */ = {isa = PBXFileReference; lastKnownFileType = sourcecode.swift; path = AppDelegate.swift; sourceTree = "<group>"; };
		3B47BC722AD3A37E00B98BCB /* SceneDelegate.swift */ = {isa = PBXFileReference; lastKnownFileType = sourcecode.swift; path = SceneDelegate.swift; sourceTree = "<group>"; };
		3B47BC742AD3A37E00B98BCB /* ViewController.swift */ = {isa = PBXFileReference; lastKnownFileType = sourcecode.swift; path = ViewController.swift; sourceTree = "<group>"; };
		3B47BC772AD3A37E00B98BCB /* Base */ = {isa = PBXFileReference; lastKnownFileType = file.storyboard; name = Base; path = Base.lproj/Main.storyboard; sourceTree = "<group>"; };
		3B47BC792AD3A37F00B98BCB /* Assets.xcassets */ = {isa = PBXFileReference; lastKnownFileType = folder.assetcatalog; path = Assets.xcassets; sourceTree = "<group>"; };
		3B47BC7C2AD3A37F00B98BCB /* Base */ = {isa = PBXFileReference; lastKnownFileType = file.storyboard; name = Base; path = Base.lproj/LaunchScreen.storyboard; sourceTree = "<group>"; };
		3B47BC7E2AD3A37F00B98BCB /* Info.plist */ = {isa = PBXFileReference; lastKnownFileType = text.plist.xml; path = Info.plist; sourceTree = "<group>"; };
		3B47BC842AD3A3BD00B98BCB /* Coordinator.swift */ = {isa = PBXFileReference; lastKnownFileType = sourcecode.swift; path = Coordinator.swift; sourceTree = "<group>"; };
		3B47BC862AD3A3DF00B98BCB /* AppCoordinator.swift */ = {isa = PBXFileReference; lastKnownFileType = sourcecode.swift; path = AppCoordinator.swift; sourceTree = "<group>"; };
		3B47BC882AD3A54100B98BCB /* ViewCoordinator.swift */ = {isa = PBXFileReference; lastKnownFileType = sourcecode.swift; path = ViewCoordinator.swift; sourceTree = "<group>"; };
		3B47BC8C2AD3E0CD00B98BCB /* MainCoordinator.swift */ = {isa = PBXFileReference; lastKnownFileType = sourcecode.swift; path = MainCoordinator.swift; sourceTree = "<group>"; };
		3B47BC8E2AD3E12F00B98BCB /* MainController.swift */ = {isa = PBXFileReference; lastKnownFileType = sourcecode.swift; path = MainController.swift; sourceTree = "<group>"; };
/* End PBXFileReference section */

/* Begin PBXFrameworksBuildPhase section */
		3B47BC6A2AD3A37D00B98BCB /* Frameworks */ = {
			isa = PBXFrameworksBuildPhase;
			buildActionMask = 2147483647;
			files = (
			);
			runOnlyForDeploymentPostprocessing = 0;
		};
/* End PBXFrameworksBuildPhase section */

/* Begin PBXGroup section */
		3B47BC642AD3A37D00B98BCB = {
			isa = PBXGroup;
			children = (
				3B47BC6F2AD3A37E00B98BCB /* CoordinatorTest */,
				3B47BC6E2AD3A37D00B98BCB /* Products */,
			);
			sourceTree = "<group>";
		};
		3B47BC6E2AD3A37D00B98BCB /* Products */ = {
			isa = PBXGroup;
			children = (
				3B47BC6D2AD3A37D00B98BCB /* CoordinatorTest.app */,
			);
			name = Products;
			sourceTree = "<group>";
		};
		3B47BC6F2AD3A37E00B98BCB /* CoordinatorTest */ = {
			isa = PBXGroup;
			children = (
				3B47BC702AD3A37E00B98BCB /* AppDelegate.swift */,
				3B47BC722AD3A37E00B98BCB /* SceneDelegate.swift */,
				3B47BC842AD3A3BD00B98BCB /* Coordinator.swift */,
				3B47BC862AD3A3DF00B98BCB /* AppCoordinator.swift */,
				3B47BC8B2AD3E0AA00B98BCB /* Main */,
				3B47BC8A2AD3E09400B98BCB /* View */,
				3B47BC762AD3A37E00B98BCB /* Main.storyboard */,
				3B47BC792AD3A37F00B98BCB /* Assets.xcassets */,
				3B47BC7B2AD3A37F00B98BCB /* LaunchScreen.storyboard */,
				3B47BC7E2AD3A37F00B98BCB /* Info.plist */,
			);
			path = CoordinatorTest;
			sourceTree = "<group>";
		};
		3B47BC8A2AD3E09400B98BCB /* View */ = {
			isa = PBXGroup;
			children = (
				3B47BC882AD3A54100B98BCB /* ViewCoordinator.swift */,
				3B47BC742AD3A37E00B98BCB /* ViewController.swift */,
			);
			path = View;
			sourceTree = "<group>";
		};
		3B47BC8B2AD3E0AA00B98BCB /* Main */ = {
			isa = PBXGroup;
			children = (
				3B47BC8C2AD3E0CD00B98BCB /* MainCoordinator.swift */,
				3B47BC8E2AD3E12F00B98BCB /* MainController.swift */,
			);
			path = Main;
			sourceTree = "<group>";
		};
/* End PBXGroup section */

/* Begin PBXNativeTarget section */
		3B47BC6C2AD3A37D00B98BCB /* CoordinatorTest */ = {
			isa = PBXNativeTarget;
			buildConfigurationList = 3B47BC812AD3A37F00B98BCB /* Build configuration list for PBXNativeTarget "CoordinatorTest" */;
			buildPhases = (
				3B47BC692AD3A37D00B98BCB /* Sources */,
				3B47BC6A2AD3A37D00B98BCB /* Frameworks */,
				3B47BC6B2AD3A37D00B98BCB /* Resources */,
			);
			buildRules = (
			);
			dependencies = (
			);
			name = CoordinatorTest;
			productName = CoordinatorTest;
			productReference = 3B47BC6D2AD3A37D00B98BCB /* CoordinatorTest.app */;
			productType = "com.apple.product-type.application";
		};
/* End PBXNativeTarget section */

/* Begin PBXProject section */
		3B47BC652AD3A37D00B98BCB /* Project object */ = {
			isa = PBXProject;
			attributes = {
				BuildIndependentTargetsInParallel = 1;
				LastSwiftUpdateCheck = 1500;
				LastUpgradeCheck = 1500;
				TargetAttributes = {
					3B47BC6C2AD3A37D00B98BCB = {
						CreatedOnToolsVersion = 15.0;
					};
				};
			};
			buildConfigurationList = 3B47BC682AD3A37D00B98BCB /* Build configuration list for PBXProject "CoordinatorTest" */;
			compatibilityVersion = "Xcode 14.0";
			developmentRegion = en;
			hasScannedForEncodings = 0;
			knownRegions = (
				en,
				Base,
			);
			mainGroup = 3B47BC642AD3A37D00B98BCB;
			productRefGroup = 3B47BC6E2AD3A37D00B98BCB /* Products */;
			projectDirPath = "";
			projectRoot = "";
			targets = (
				3B47BC6C2AD3A37D00B98BCB /* CoordinatorTest */,
			);
		};
/* End PBXProject section */

/* Begin PBXResourcesBuildPhase section */
		3B47BC6B2AD3A37D00B98BCB /* Resources */ = {
			isa = PBXResourcesBuildPhase;
			buildActionMask = 2147483647;
			files = (
				3B47BC7D2AD3A37F00B98BCB /* LaunchScreen.storyboard in Resources */,
				3B47BC7A2AD3A37F00B98BCB /* Assets.xcassets in Resources */,
				3B47BC782AD3A37E00B98BCB /* Main.storyboard in Resources */,
			);
			runOnlyForDeploymentPostprocessing = 0;
		};
/* End PBXResourcesBuildPhase section */

/* Begin PBXSourcesBuildPhase section */
		3B47BC692AD3A37D00B98BCB /* Sources */ = {
			isa = PBXSourcesBuildPhase;
			buildActionMask = 2147483647;
			files = (
				3B47BC8F2AD3E12F00B98BCB /* MainController.swift in Sources */,
				3B47BC852AD3A3BD00B98BCB /* Coordinator.swift in Sources */,
				3B47BC8D2AD3E0CD00B98BCB /* MainCoordinator.swift in Sources */,
				3B47BC892AD3A54100B98BCB /* ViewCoordinator.swift in Sources */,
				3B47BC752AD3A37E00B98BCB /* ViewController.swift in Sources */,
				3B47BC872AD3A3DF00B98BCB /* AppCoordinator.swift in Sources */,
				3B47BC712AD3A37E00B98BCB /* AppDelegate.swift in Sources */,
				3B47BC732AD3A37E00B98BCB /* SceneDelegate.swift in Sources */,
			);
			runOnlyForDeploymentPostprocessing = 0;
		};
/* End PBXSourcesBuildPhase section */

/* Begin PBXVariantGroup section */
		3B47BC762AD3A37E00B98BCB /* Main.storyboard */ = {
			isa = PBXVariantGroup;
			children = (
				3B47BC772AD3A37E00B98BCB /* Base */,
			);
			name = Main.storyboard;
			sourceTree = "<group>";
		};
		3B47BC7B2AD3A37F00B98BCB /* LaunchScreen.storyboard */ = {
			isa = PBXVariantGroup;
			children = (
				3B47BC7C2AD3A37F00B98BCB /* Base */,
			);
			name = LaunchScreen.storyboard;
			sourceTree = "<group>";
		};
/* End PBXVariantGroup section */

/* Begin XCBuildConfiguration section */
		3B47BC7F2AD3A37F00B98BCB /* Debug */ = {
			isa = XCBuildConfiguration;
			buildSettings = {
				ALWAYS_SEARCH_USER_PATHS = NO;
				ASSETCATALOG_COMPILER_GENERATE_SWIFT_ASSET_SYMBOL_EXTENSIONS = YES;
				CLANG_ANALYZER_NONNULL = YES;
				CLANG_ANALYZER_NUMBER_OBJECT_CONVERSION = YES_AGGRESSIVE;
				CLANG_CXX_LANGUAGE_STANDARD = "gnu++20";
				CLANG_ENABLE_MODULES = YES;
				CLANG_ENABLE_OBJC_ARC = YES;
				CLANG_ENABLE_OBJC_WEAK = YES;
				CLANG_WARN_BLOCK_CAPTURE_AUTORELEASING = YES;
				CLANG_WARN_BOOL_CONVERSION = YES;
				CLANG_WARN_COMMA = YES;
				CLANG_WARN_CONSTANT_CONVERSION = YES;
				CLANG_WARN_DEPRECATED_OBJC_IMPLEMENTATIONS = YES;
				CLANG_WARN_DIRECT_OBJC_ISA_USAGE = YES_ERROR;
				CLANG_WARN_DOCUMENTATION_COMMENTS = YES;
				CLANG_WARN_EMPTY_BODY = YES;
				CLANG_WARN_ENUM_CONVERSION = YES;
				CLANG_WARN_INFINITE_RECURSION = YES;
				CLANG_WARN_INT_CONVERSION = YES;
				CLANG_WARN_NON_LITERAL_NULL_CONVERSION = YES;
				CLANG_WARN_OBJC_IMPLICIT_RETAIN_SELF = YES;
				CLANG_WARN_OBJC_LITERAL_CONVERSION = YES;
				CLANG_WARN_OBJC_ROOT_CLASS = YES_ERROR;
				CLANG_WARN_QUOTED_INCLUDE_IN_FRAMEWORK_HEADER = YES;
				CLANG_WARN_RANGE_LOOP_ANALYSIS = YES;
				CLANG_WARN_STRICT_PROTOTYPES = YES;
				CLANG_WARN_SUSPICIOUS_MOVE = YES;
				CLANG_WARN_UNGUARDED_AVAILABILITY = YES_AGGRESSIVE;
				CLANG_WARN_UNREACHABLE_CODE = YES;
				CLANG_WARN__DUPLICATE_METHOD_MATCH = YES;
				COPY_PHASE_STRIP = NO;
				DEBUG_INFORMATION_FORMAT = dwarf;
				ENABLE_STRICT_OBJC_MSGSEND = YES;
				ENABLE_TESTABILITY = YES;
				ENABLE_USER_SCRIPT_SANDBOXING = YES;
				GCC_C_LANGUAGE_STANDARD = gnu17;
				GCC_DYNAMIC_NO_PIC = NO;
				GCC_NO_COMMON_BLOCKS = YES;
				GCC_OPTIMIZATION_LEVEL = 0;
				GCC_PREPROCESSOR_DEFINITIONS = (
					"DEBUG=1",
					"$(inherited)",
				);
				GCC_WARN_64_TO_32_BIT_CONVERSION = YES;
				GCC_WARN_ABOUT_RETURN_TYPE = YES_ERROR;
				GCC_WARN_UNDECLARED_SELECTOR = YES;
				GCC_WARN_UNINITIALIZED_AUTOS = YES_AGGRESSIVE;
				GCC_WARN_UNUSED_FUNCTION = YES;
				GCC_WARN_UNUSED_VARIABLE = YES;
				IPHONEOS_DEPLOYMENT_TARGET = 17.0;
				LOCALIZATION_PREFERS_STRING_CATALOGS = YES;
				MTL_ENABLE_DEBUG_INFO = INCLUDE_SOURCE;
				MTL_FAST_MATH = YES;
				ONLY_ACTIVE_ARCH = YES;
				SDKROOT = iphoneos;
				SWIFT_ACTIVE_COMPILATION_CONDITIONS = "DEBUG $(inherited)";
				SWIFT_OPTIMIZATION_LEVEL = "-Onone";
			};
			name = Debug;
		};
		3B47BC802AD3A37F00B98BCB /* Release */ = {
			isa = XCBuildConfiguration;
			buildSettings = {
				ALWAYS_SEARCH_USER_PATHS = NO;
				ASSETCATALOG_COMPILER_GENERATE_SWIFT_ASSET_SYMBOL_EXTENSIONS = YES;
				CLANG_ANALYZER_NONNULL = YES;
				CLANG_ANALYZER_NUMBER_OBJECT_CONVERSION = YES_AGGRESSIVE;
				CLANG_CXX_LANGUAGE_STANDARD = "gnu++20";
				CLANG_ENABLE_MODULES = YES;
				CLANG_ENABLE_OBJC_ARC = YES;
				CLANG_ENABLE_OBJC_WEAK = YES;
				CLANG_WARN_BLOCK_CAPTURE_AUTORELEASING = YES;
				CLANG_WARN_BOOL_CONVERSION = YES;
				CLANG_WARN_COMMA = YES;
				CLANG_WARN_CONSTANT_CONVERSION = YES;
				CLANG_WARN_DEPRECATED_OBJC_IMPLEMENTATIONS = YES;
				CLANG_WARN_DIRECT_OBJC_ISA_USAGE = YES_ERROR;
				CLANG_WARN_DOCUMENTATION_COMMENTS = YES;
				CLANG_WARN_EMPTY_BODY = YES;
				CLANG_WARN_ENUM_CONVERSION = YES;
				CLANG_WARN_INFINITE_RECURSION = YES;
				CLANG_WARN_INT_CONVERSION = YES;
				CLANG_WARN_NON_LITERAL_NULL_CONVERSION = YES;
				CLANG_WARN_OBJC_IMPLICIT_RETAIN_SELF = YES;
				CLANG_WARN_OBJC_LITERAL_CONVERSION = YES;
				CLANG_WARN_OBJC_ROOT_CLASS = YES_ERROR;
				CLANG_WARN_QUOTED_INCLUDE_IN_FRAMEWORK_HEADER = YES;
				CLANG_WARN_RANGE_LOOP_ANALYSIS = YES;
				CLANG_WARN_STRICT_PROTOTYPES = YES;
				CLANG_WARN_SUSPICIOUS_MOVE = YES;
				CLANG_WARN_UNGUARDED_AVAILABILITY = YES_AGGRESSIVE;
				CLANG_WARN_UNREACHABLE_CODE = YES;
				CLANG_WARN__DUPLICATE_METHOD_MATCH = YES;
				COPY_PHASE_STRIP = NO;
				DEBUG_INFORMATION_FORMAT = "dwarf-with-dsym";
				ENABLE_NS_ASSERTIONS = NO;
				ENABLE_STRICT_OBJC_MSGSEND = YES;
				ENABLE_USER_SCRIPT_SANDBOXING = YES;
				GCC_C_LANGUAGE_STANDARD = gnu17;
				GCC_NO_COMMON_BLOCKS = YES;
				GCC_WARN_64_TO_32_BIT_CONVERSION = YES;
				GCC_WARN_ABOUT_RETURN_TYPE = YES_ERROR;
				GCC_WARN_UNDECLARED_SELECTOR = YES;
				GCC_WARN_UNINITIALIZED_AUTOS = YES_AGGRESSIVE;
				GCC_WARN_UNUSED_FUNCTION = YES;
				GCC_WARN_UNUSED_VARIABLE = YES;
				IPHONEOS_DEPLOYMENT_TARGET = 17.0;
				LOCALIZATION_PREFERS_STRING_CATALOGS = YES;
				MTL_ENABLE_DEBUG_INFO = NO;
				MTL_FAST_MATH = YES;
				SDKROOT = iphoneos;
				SWIFT_COMPILATION_MODE = wholemodule;
				VALIDATE_PRODUCT = YES;
			};
			name = Release;
		};
		3B47BC822AD3A37F00B98BCB /* Debug */ = {
			isa = XCBuildConfiguration;
			buildSettings = {
				ASSETCATALOG_COMPILER_APPICON_NAME = AppIcon;
				ASSETCATALOG_COMPILER_GLOBAL_ACCENT_COLOR_NAME = AccentColor;
				CODE_SIGN_STYLE = Automatic;
				CURRENT_PROJECT_VERSION = 1;
				DEVELOPMENT_TEAM = SN5J3DYFX4;
				GENERATE_INFOPLIST_FILE = YES;
				INFOPLIST_FILE = CoordinatorTest/Info.plist;
				INFOPLIST_KEY_UIApplicationSupportsIndirectInputEvents = YES;
				INFOPLIST_KEY_UILaunchStoryboardName = LaunchScreen;
				INFOPLIST_KEY_UIMainStoryboardFile = Main;
				INFOPLIST_KEY_UISupportedInterfaceOrientations_iPad = "UIInterfaceOrientationPortrait UIInterfaceOrientationPortraitUpsideDown UIInterfaceOrientationLandscapeLeft UIInterfaceOrientationLandscapeRight";
				INFOPLIST_KEY_UISupportedInterfaceOrientations_iPhone = "UIInterfaceOrientationPortrait UIInterfaceOrientationLandscapeLeft UIInterfaceOrientationLandscapeRight";
				LD_RUNPATH_SEARCH_PATHS = (
					"$(inherited)",
					"@executable_path/Frameworks",
				);
				MARKETING_VERSION = 1.0;
				PRODUCT_BUNDLE_IDENTIFIER = JJ.CoordinatorTest;
				PRODUCT_NAME = "$(TARGET_NAME)";
				SWIFT_EMIT_LOC_STRINGS = YES;
				SWIFT_VERSION = 5.0;
				TARGETED_DEVICE_FAMILY = "1,2";
			};
			name = Debug;
		};
		3B47BC832AD3A37F00B98BCB /* Release */ = {
			isa = XCBuildConfiguration;
			buildSettings = {
				ASSETCATALOG_COMPILER_APPICON_NAME = AppIcon;
				ASSETCATALOG_COMPILER_GLOBAL_ACCENT_COLOR_NAME = AccentColor;
				CODE_SIGN_STYLE = Automatic;
				CURRENT_PROJECT_VERSION = 1;
				DEVELOPMENT_TEAM = SN5J3DYFX4;
				GENERATE_INFOPLIST_FILE = YES;
				INFOPLIST_FILE = CoordinatorTest/Info.plist;
				INFOPLIST_KEY_UIApplicationSupportsIndirectInputEvents = YES;
				INFOPLIST_KEY_UILaunchStoryboardName = LaunchScreen;
				INFOPLIST_KEY_UIMainStoryboardFile = Main;
				INFOPLIST_KEY_UISupportedInterfaceOrientations_iPad = "UIInterfaceOrientationPortrait UIInterfaceOrientationPortraitUpsideDown UIInterfaceOrientationLandscapeLeft UIInterfaceOrientationLandscapeRight";
				INFOPLIST_KEY_UISupportedInterfaceOrientations_iPhone = "UIInterfaceOrientationPortrait UIInterfaceOrientationLandscapeLeft UIInterfaceOrientationLandscapeRight";
				LD_RUNPATH_SEARCH_PATHS = (
					"$(inherited)",
					"@executable_path/Frameworks",
				);
				MARKETING_VERSION = 1.0;
				PRODUCT_BUNDLE_IDENTIFIER = JJ.CoordinatorTest;
				PRODUCT_NAME = "$(TARGET_NAME)";
				SWIFT_EMIT_LOC_STRINGS = YES;
				SWIFT_VERSION = 5.0;
				TARGETED_DEVICE_FAMILY = "1,2";
			};
			name = Release;
		};
/* End XCBuildConfiguration section */

/* Begin XCConfigurationList section */
		3B47BC682AD3A37D00B98BCB /* Build configuration list for PBXProject "CoordinatorTest" */ = {
			isa = XCConfigurationList;
			buildConfigurations = (
				3B47BC7F2AD3A37F00B98BCB /* Debug */,
				3B47BC802AD3A37F00B98BCB /* Release */,
			);
			defaultConfigurationIsVisible = 0;
			defaultConfigurationName = Release;
		};
		3B47BC812AD3A37F00B98BCB /* Build configuration list for PBXNativeTarget "CoordinatorTest" */ = {
			isa = XCConfigurationList;
			buildConfigurations = (
				3B47BC822AD3A37F00B98BCB /* Debug */,
				3B47BC832AD3A37F00B98BCB /* Release */,
			);
			defaultConfigurationIsVisible = 0;
			defaultConfigurationName = Release;
		};
/* End XCConfigurationList section */
	};
	rootObject = 3B47BC652AD3A37D00B98BCB /* Project object */;
}
